
Microsoft Visual Studio Solution File, Format Version 12.00
# Visual Studio Version 17
VisualStudioVersion = 17.5.33414.496
MinimumVisualStudioVersion = 10.0.40219.1
Project("{FAE04EC0-301F-11D3-BF4B-00C04F79EFBC}") = "WindowsFormsApp_7", "WindowsFormsApp_7.csproj", "{CDD18339-1283-45F7-B629-C5C90A06346B}"
EndProject
Global
	GlobalSection(SolutionConfigurationPlatforms) = preSolution
		Debug|Any CPU = Debug|Any CPU
		Release|Any CPU = Release|Any CPU
	EndGlobalSection
	GlobalSection(ProjectConfigurationPlatforms) = postSolution
		{CDD18339-1283-45F7-B629-C5C90A06346B}.Debug|Any CPU.ActiveCfg = Debug|Any CPU
		{CDD18339-1283-45F7-B629-C5C90A06346B}.Debug|Any CPU.Build.0 = Debug|Any CPU
		{CDD18339-1283-45F7-B629-C5C90A06346B}.Release|Any CPU.ActiveCfg = Release|Any CPU
		{CDD18339-1283-45F7-B629-C5C90A06346B}.Release|Any CPU.Build.0 = Release|Any CPU
	EndGlobalSection
	GlobalSection(SolutionProperties) = preSolution
		HideSolutionNode = FALSE
	EndGlobalSection
	GlobalSection(ExtensibilityGlobals) = postSolution
		SolutionGuid = {52AFBE6A-9A24-4623-B57D-5BE755B9C470}
	EndGlobalSection
EndGlobal
